<Solution>
  <Configurations>
    <Platform Name="Any CPU" />
    <Platform Name="x64" />
    <Platform Name="x86" />
  </Configurations>
  <Folder Name="/tests/">
    <Project Path="tests/AppAjuntament.Tests/AppAjuntament.Tests.csproj" />
  </Folder>
  <Project Path="src/Web/AppAjuntament.csproj" />
</Solution>
